
Microsoft Visual Studio Solution File, Format Version 12.00
# Visual Studio Version 16
VisualStudioVersion = 16.0.30309.148
MinimumVisualStudioVersion = 10.0.40219.1
Project("{FAE04EC0-301F-11D3-BF4B-00C04F79EFBC}") = "HelloWorld", "HelloWorld\HelloWorld.csproj", "{49CB8D93-0006-4B23-BC3C-5956978B9161}"
EndProject
Global
	GlobalSection(SolutionConfigurationPlatforms) = preSolution
		Debug|Any CPU = Debug|Any CPU
		Release|Any CPU = Release|Any CPU
	EndGlobalSection
	GlobalSection(ProjectConfigurationPlatforms) = postSolution
		{49CB8D93-0006-4B23-BC3C-5956978B9161}.Debug|Any CPU.ActiveCfg = Debug|Any CPU
		{49CB8D93-0006-4B23-BC3C-5956978B9161}.Debug|Any CPU.Build.0 = Debug|Any CPU
		{49CB8D93-0006-4B23-BC3C-5956978B9161}.Release|Any CPU.ActiveCfg = Release|Any CPU
		{49CB8D93-0006-4B23-BC3C-5956978B9161}.Release|Any CPU.Build.0 = Release|Any CPU
	EndGlobalSection
	GlobalSection(SolutionProperties) = preSolution
		HideSolutionNode = FALSE
	EndGlobalSection
	GlobalSection(ExtensibilityGlobals) = postSolution
		SolutionGuid = {7AADE083-BFED-484D-A9A2-9E942063CF80}
	EndGlobalSection
EndGlobal
